
Microsoft Visual Studio Solution File, Format Version 12.00
# Visual Studio Version 16
VisualStudioVersion = 16.0.31702.278
MinimumVisualStudioVersion = 10.0.40219.1
Project("{FAE04EC0-301F-11D3-BF4B-00C04F79EFBC}") = "PayUSample", "PayUSample\PayUSample.csproj", "{942A7570-E8FA-40C5-A677-AEE375C0BE35}"
EndProject
Global
	GlobalSection(SolutionConfigurationPlatforms) = preSolution
		Debug|Any CPU = Debug|Any CPU
		Release|Any CPU = Release|Any CPU
	EndGlobalSection
	GlobalSection(ProjectConfigurationPlatforms) = postSolution
		{942A7570-E8FA-40C5-A677-AEE375C0BE35}.Debug|Any CPU.ActiveCfg = Debug|Any CPU
		{942A7570-E8FA-40C5-A677-AEE375C0BE35}.Debug|Any CPU.Build.0 = Debug|Any CPU
		{942A7570-E8FA-40C5-A677-AEE375C0BE35}.Release|Any CPU.ActiveCfg = Release|Any CPU
		{942A7570-E8FA-40C5-A677-AEE375C0BE35}.Release|Any CPU.Build.0 = Release|Any CPU
	EndGlobalSection
	GlobalSection(SolutionProperties) = preSolution
		HideSolutionNode = FALSE
	EndGlobalSection
	GlobalSection(ExtensibilityGlobals) = postSolution
		SolutionGuid = {D09940E8-49FC-458D-96AF-17ECC5EB25B9}
	EndGlobalSection
EndGlobal
